
Microsoft Visual Studio Solution File, Format Version 12.00
# Visual Studio Version 17
VisualStudioVersion = 17.3.32825.248
MinimumVisualStudioVersion = 10.0.40219.1
Project("{00D1A9C2-B5F0-4AF3-8072-F6C62B433612}") = "Database", "Database.sqlproj", "{68CE2C59-849E-463C-A03A-C590B4FE6B98}"
EndProject
Global
	GlobalSection(SolutionConfigurationPlatforms) = preSolution
		Debug|Any CPU = Debug|Any CPU
		Release|Any CPU = Release|Any CPU
	EndGlobalSection
	GlobalSection(ProjectConfigurationPlatforms) = postSolution
		{68CE2C59-849E-463C-A03A-C590B4FE6B98}.Debug|Any CPU.ActiveCfg = Debug|Any CPU
		{68CE2C59-849E-463C-A03A-C590B4FE6B98}.Debug|Any CPU.Build.0 = Debug|Any CPU
		{68CE2C59-849E-463C-A03A-C590B4FE6B98}.Debug|Any CPU.Deploy.0 = Debug|Any CPU
		{68CE2C59-849E-463C-A03A-C590B4FE6B98}.Release|Any CPU.ActiveCfg = Release|Any CPU
		{68CE2C59-849E-463C-A03A-C590B4FE6B98}.Release|Any CPU.Build.0 = Release|Any CPU
		{68CE2C59-849E-463C-A03A-C590B4FE6B98}.Release|Any CPU.Deploy.0 = Release|Any CPU
	EndGlobalSection
	GlobalSection(SolutionProperties) = preSolution
		HideSolutionNode = FALSE
	EndGlobalSection
	GlobalSection(ExtensibilityGlobals) = postSolution
		SolutionGuid = {A3C2BC10-A81D-4664-BD98-75033F8DB36C}
	EndGlobalSection
EndGlobal
