
Microsoft Visual Studio Solution File, Format Version 12.00
# Visual Studio Version 17
VisualStudioVersion = 17.3.32825.248
MinimumVisualStudioVersion = 10.0.40219.1
Project("{9A19103F-16F7-4668-BE54-9A1E7A4F7556}") = "TestPoint.WebAPI", "TestPoint.WebAPI\TestPoint.WebAPI.csproj", "{0BE42BF6-2B02-4D89-A820-D208F9F35640}"
EndProject
Project("{2150E333-8FDC-42A3-9474-1A3956D46DE8}") = "Core", "Core", "{A7F74AE2-50BB-47D5-BFB4-3858BDFE4328}"
EndProject
Project("{2150E333-8FDC-42A3-9474-1A3956D46DE8}") = "Infrastructure", "Infrastructure", "{1652E114-D48B-4F03-9D32-C0C17B3DF815}"
EndProject
Project("{9A19103F-16F7-4668-BE54-9A1E7A4F7556}") = "TestPoint.Domain", "TestPoint.Domain\TestPoint.Domain.csproj", "{12DE9F7D-7FEB-4B98-881B-0F9F8DE706F7}"
EndProject
Project("{9A19103F-16F7-4668-BE54-9A1E7A4F7556}") = "TestPoint.Application", "TestPoint.Application\TestPoint.Application.csproj", "{297527CD-38A6-4925-BFF3-0A76CB978DD3}"
EndProject
Project("{9A19103F-16F7-4668-BE54-9A1E7A4F7556}") = "TestPoint.DAL", "TestPoint.Persistance\TestPoint.DAL.csproj", "{E58A0A25-906F-456E-A1E5-8B290235826E}"
EndProject
Project("{FAE04EC0-301F-11D3-BF4B-00C04F79EFBC}") = "TestPoint.Log4NetLoggly", "TestPoint.Log4NetLoggly\TestPoint.Log4NetLoggly.csproj", "{98D1E8ED-DF99-4C58-A530-A5B5FAD1C53E}"
EndProject
Global
	GlobalSection(SolutionConfigurationPlatforms) = preSolution
		Debug|Any CPU = Debug|Any CPU
		Release|Any CPU = Release|Any CPU
	EndGlobalSection
	GlobalSection(ProjectConfigurationPlatforms) = postSolution
		{0BE42BF6-2B02-4D89-A820-D208F9F35640}.Debug|Any CPU.ActiveCfg = Debug|Any CPU
		{0BE42BF6-2B02-4D89-A820-D208F9F35640}.Debug|Any CPU.Build.0 = Debug|Any CPU
		{0BE42BF6-2B02-4D89-A820-D208F9F35640}.Release|Any CPU.ActiveCfg = Release|Any CPU
		{0BE42BF6-2B02-4D89-A820-D208F9F35640}.Release|Any CPU.Build.0 = Release|Any CPU
		{12DE9F7D-7FEB-4B98-881B-0F9F8DE706F7}.Debug|Any CPU.ActiveCfg = Debug|Any CPU
		{12DE9F7D-7FEB-4B98-881B-0F9F8DE706F7}.Debug|Any CPU.Build.0 = Debug|Any CPU
		{12DE9F7D-7FEB-4B98-881B-0F9F8DE706F7}.Release|Any CPU.ActiveCfg = Release|Any CPU
		{12DE9F7D-7FEB-4B98-881B-0F9F8DE706F7}.Release|Any CPU.Build.0 = Release|Any CPU
		{297527CD-38A6-4925-BFF3-0A76CB978DD3}.Debug|Any CPU.ActiveCfg = Debug|Any CPU
		{297527CD-38A6-4925-BFF3-0A76CB978DD3}.Debug|Any CPU.Build.0 = Debug|Any CPU
		{297527CD-38A6-4925-BFF3-0A76CB978DD3}.Release|Any CPU.ActiveCfg = Release|Any CPU
		{297527CD-38A6-4925-BFF3-0A76CB978DD3}.Release|Any CPU.Build.0 = Release|Any CPU
		{E58A0A25-906F-456E-A1E5-8B290235826E}.Debug|Any CPU.ActiveCfg = Debug|Any CPU
		{E58A0A25-906F-456E-A1E5-8B290235826E}.Debug|Any CPU.Build.0 = Debug|Any CPU
		{E58A0A25-906F-456E-A1E5-8B290235826E}.Release|Any CPU.ActiveCfg = Release|Any CPU
		{E58A0A25-906F-456E-A1E5-8B290235826E}.Release|Any CPU.Build.0 = Release|Any CPU
		{98D1E8ED-DF99-4C58-A530-A5B5FAD1C53E}.Debug|Any CPU.ActiveCfg = Debug|Any CPU
		{98D1E8ED-DF99-4C58-A530-A5B5FAD1C53E}.Debug|Any CPU.Build.0 = Debug|Any CPU
		{98D1E8ED-DF99-4C58-A530-A5B5FAD1C53E}.Release|Any CPU.ActiveCfg = Release|Any CPU
		{98D1E8ED-DF99-4C58-A530-A5B5FAD1C53E}.Release|Any CPU.Build.0 = Release|Any CPU
	EndGlobalSection
	GlobalSection(SolutionProperties) = preSolution
		HideSolutionNode = FALSE
	EndGlobalSection
	GlobalSection(NestedProjects) = preSolution
		{12DE9F7D-7FEB-4B98-881B-0F9F8DE706F7} = {A7F74AE2-50BB-47D5-BFB4-3858BDFE4328}
		{297527CD-38A6-4925-BFF3-0A76CB978DD3} = {A7F74AE2-50BB-47D5-BFB4-3858BDFE4328}
		{E58A0A25-906F-456E-A1E5-8B290235826E} = {1652E114-D48B-4F03-9D32-C0C17B3DF815}
		{98D1E8ED-DF99-4C58-A530-A5B5FAD1C53E} = {1652E114-D48B-4F03-9D32-C0C17B3DF815}
	EndGlobalSection
	GlobalSection(ExtensibilityGlobals) = postSolution
		SolutionGuid = {41FE4CF8-D4C2-406D-BE28-DE3F5E7CA583}
	EndGlobalSection
EndGlobal
